// !$*UTF8*$!
{
	archiveVersion = 1;
	classes = {
	};
	objectVersion = 46;
	objects = {

/* Begin PBXBuildFile section */
		5104552117FD4658008326CC /* Foundation.framework in Frameworks */ = {isa = PBXBuildFile; fileRef = 5104552017FD4658008326CC /* Foundation.framework */; };
		5104552317FD4658008326CC /* CoreGraphics.framework in Frameworks */ = {isa = PBXBuildFile; fileRef = 5104552217FD4658008326CC /* CoreGraphics.framework */; };
		5104552517FD4658008326CC /* UIKit.framework in Frameworks */ = {isa = PBXBuildFile; fileRef = 5104552417FD4658008326CC /* UIKit.framework */; };
		5104552B17FD4658008326CC /* InfoPlist.strings in Resources */ = {isa = PBXBuildFile; fileRef = 5104552917FD4658008326CC /* InfoPlist.strings */; };
		5104552D17FD4658008326CC /* main.m in Sources */ = {isa = PBXBuildFile; fileRef = 5104552C17FD4658008326CC /* main.m */; };
		5104553117FD4658008326CC /* AppDelegate.m in Sources */ = {isa = PBXBuildFile; fileRef = 5104553017FD4658008326CC /* AppDelegate.m */; };
		5104553417FD4658008326CC /* Main_iPhone.storyboard in Resources */ = {isa = PBXBuildFile; fileRef = 5104553217FD4658008326CC /* Main_iPhone.storyboard */; };
		5104553717FD4658008326CC /* Main_iPad.storyboard in Resources */ = {isa = PBXBuildFile; fileRef = 5104553517FD4658008326CC /* Main_iPad.storyboard */; };
		5104553A17FD4658008326CC /* ViewController.m in Sources */ = {isa = PBXBuildFile; fileRef = 5104553917FD4658008326CC /* ViewController.m */; };
		5104553C17FD4658008326CC /* Images.xcassets in Resources */ = {isa = PBXBuildFile; fileRef = 5104553B17FD4658008326CC /* Images.xcassets */; };
		5104554317FD4658008326CC /* XCTest.framework in Frameworks */ = {isa = PBXBuildFile; fileRef = 5104554217FD4658008326CC /* XCTest.framework */; };
		5104554417FD4658008326CC /* Foundation.framework in Frameworks */ = {isa = PBXBuildFile; fileRef = 5104552017FD4658008326CC /* Foundation.framework */; };
		5104554517FD4658008326CC /* UIKit.framework in Frameworks */ = {isa = PBXBuildFile; fileRef = 5104552417FD4658008326CC /* UIKit.framework */; };
		5104554D17FD4658008326CC /* InfoPlist.strings in Resources */ = {isa = PBXBuildFile; fileRef = 5104554B17FD4658008326CC /* InfoPlist.strings */; };
		5104554F17FD4658008326CC /* DRStatefulCollectionViewControllerDemoTests.m in Sources */ = {isa = PBXBuildFile; fileRef = 5104554E17FD4658008326CC /* DRStatefulCollectionViewControllerDemoTests.m */; };
		5104555A17FD4770008326CC /* DRStateCollectViewController.m in Sources */ = {isa = PBXBuildFile; fileRef = 5104555917FD4770008326CC /* DRStateCollectViewController.m */; };
		5104555F17FD54FD008326CC /* thumbnailViewCell.m in Sources */ = {isa = PBXBuildFile; fileRef = 5104555E17FD54FD008326CC /* thumbnailViewCell.m */; };
		5104556217FD556E008326CC /* ThumbnailViewController.m in Sources */ = {isa = PBXBuildFile; fileRef = 5104556117FD556E008326CC /* ThumbnailViewController.m */; };
		51C6B0BA17FE9CAC006F47B9 /* AFHTTPRequestOperation.m in Sources */ = {isa = PBXBuildFile; fileRef = 51C6B09817FE9CAC006F47B9 /* AFHTTPRequestOperation.m */; };
		51C6B0BB17FE9CAC006F47B9 /* AFHTTPRequestOperationManager.m in Sources */ = {isa = PBXBuildFile; fileRef = 51C6B09A17FE9CAC006F47B9 /* AFHTTPRequestOperationManager.m */; };
		51C6B0BC17FE9CAC006F47B9 /* AFHTTPSessionManager.m in Sources */ = {isa = PBXBuildFile; fileRef = 51C6B09C17FE9CAC006F47B9 /* AFHTTPSessionManager.m */; };
		51C6B0BD17FE9CAC006F47B9 /* AFNetworkReachabilityManager.m in Sources */ = {isa = PBXBuildFile; fileRef = 51C6B09F17FE9CAC006F47B9 /* AFNetworkReachabilityManager.m */; };
		51C6B0BE17FE9CAC006F47B9 /* AFSecurityPolicy.m in Sources */ = {isa = PBXBuildFile; fileRef = 51C6B0A117FE9CAC006F47B9 /* AFSecurityPolicy.m */; };
		51C6B0BF17FE9CAC006F47B9 /* AFURLConnectionOperation.m in Sources */ = {isa = PBXBuildFile; fileRef = 51C6B0A317FE9CAC006F47B9 /* AFURLConnectionOperation.m */; };
		51C6B0C017FE9CAC006F47B9 /* AFURLRequestSerialization.m in Sources */ = {isa = PBXBuildFile; fileRef = 51C6B0A517FE9CAC006F47B9 /* AFURLRequestSerialization.m */; };
		51C6B0C117FE9CAC006F47B9 /* AFURLResponseSerialization.m in Sources */ = {isa = PBXBuildFile; fileRef = 51C6B0A717FE9CAC006F47B9 /* AFURLResponseSerialization.m */; };
		51C6B0C217FE9CAC006F47B9 /* AFURLSessionManager.m in Sources */ = {isa = PBXBuildFile; fileRef = 51C6B0A917FE9CAC006F47B9 /* AFURLSessionManager.m */; };
		51C6B0C317FE9CAC006F47B9 /* AFNetworkActivityIndicatorManager.m in Sources */ = {isa = PBXBuildFile; fileRef = 51C6B0AC17FE9CAC006F47B9 /* AFNetworkActivityIndicatorManager.m */; };
		51C6B0C417FE9CAC006F47B9 /* UIActivityIndicatorView+AFNetworking.m in Sources */ = {isa = PBXBuildFile; fileRef = 51C6B0AE17FE9CAC006F47B9 /* UIActivityIndicatorView+AFNetworking.m */; };
		51C6B0C517FE9CAC006F47B9 /* UIAlertView+AFNetworking.m in Sources */ = {isa = PBXBuildFile; fileRef = 51C6B0B017FE9CAC006F47B9 /* UIAlertView+AFNetworking.m */; };
		51C6B0C617FE9CAC006F47B9 /* UIButton+AFNetworking.m in Sources */ = {isa = PBXBuildFile; fileRef = 51C6B0B217FE9CAC006F47B9 /* UIButton+AFNetworking.m */; };
		51C6B0C717FE9CAC006F47B9 /* UIImageView+AFNetworking.m in Sources */ = {isa = PBXBuildFile; fileRef = 51C6B0B417FE9CAC006F47B9 /* UIImageView+AFNetworking.m */; };
		51C6B0C817FE9CAC006F47B9 /* UIProgressView+AFNetworking.m in Sources */ = {isa = PBXBuildFile; fileRef = 51C6B0B717FE9CAC006F47B9 /* UIProgressView+AFNetworking.m */; };
		51C6B0C917FE9CAC006F47B9 /* UIWebView+AFNetworking.m in Sources */ = {isa = PBXBuildFile; fileRef = 51C6B0B917FE9CAC006F47B9 /* UIWebView+AFNetworking.m */; };
		51C6B0D017FE9CC8006F47B9 /* UIScrollView+SVInfiniteScrolling.m in Sources */ = {isa = PBXBuildFile; fileRef = 51C6B0CD17FE9CC8006F47B9 /* UIScrollView+SVInfiniteScrolling.m */; };
		51C6B0D117FE9CC8006F47B9 /* UIScrollView+SVPullToRefresh.m in Sources */ = {isa = PBXBuildFile; fileRef = 51C6B0CF17FE9CC8006F47B9 /* UIScrollView+SVPullToRefresh.m */; };
/* End PBXBuildFile section */

/* Begin PBXContainerItemProxy section */
		5104554617FD4658008326CC /* PBXContainerItemProxy */ = {
			isa = PBXContainerItemProxy;
			containerPortal = 5104551517FD4658008326CC /* Project object */;
			proxyType = 1;
			remoteGlobalIDString = 5104551C17FD4658008326CC;
			remoteInfo = DRStatefulCollectionViewControllerDemo;
		};
/* End PBXContainerItemProxy section */

/* Begin PBXFileReference section */
		5104551D17FD4658008326CC /* DRStatefulCollectionViewControllerDemo.app */ = {isa = PBXFileReference; explicitFileType = wrapper.application; includeInIndex = 0; path = DRStatefulCollectionViewControllerDemo.app; sourceTree = BUILT_PRODUCTS_DIR; };
		5104552017FD4658008326CC /* Foundation.framework */ = {isa = PBXFileReference; lastKnownFileType = wrapper.framework; name = Foundation.framework; path = System/Library/Frameworks/Foundation.framework; sourceTree = SDKROOT; };
		5104552217FD4658008326CC /* CoreGraphics.framework */ = {isa = PBXFileReference; lastKnownFileType = wrapper.framework; name = CoreGraphics.framework; path = System/Library/Frameworks/CoreGraphics.framework; sourceTree = SDKROOT; };
		5104552417FD4658008326CC /* UIKit.framework */ = {isa = PBXFileReference; lastKnownFileType = wrapper.framework; name = UIKit.framework; path = System/Library/Frameworks/UIKit.framework; sourceTree = SDKROOT; };
		5104552817FD4658008326CC /* DRStatefulCollectionViewControllerDemo-Info.plist */ = {isa = PBXFileReference; lastKnownFileType = text.plist.xml; path = "DRStatefulCollectionViewControllerDemo-Info.plist"; sourceTree = "<group>"; };
		5104552A17FD4658008326CC /* en */ = {isa = PBXFileReference; lastKnownFileType = text.plist.strings; name = en; path = en.lproj/InfoPlist.strings; sourceTree = "<group>"; };
		5104552C17FD4658008326CC /* main.m */ = {isa = PBXFileReference; lastKnownFileType = sourcecode.c.objc; path = main.m; sourceTree = "<group>"; };
		5104552E17FD4658008326CC /* DRStatefulCollectionViewControllerDemo-Prefix.pch */ = {isa = PBXFileReference; lastKnownFileType = sourcecode.c.h; path = "DRStatefulCollectionViewControllerDemo-Prefix.pch"; sourceTree = "<group>"; };
		5104552F17FD4658008326CC /* AppDelegate.h */ = {isa = PBXFileReference; lastKnownFileType = sourcecode.c.h; path = AppDelegate.h; sourceTree = "<group>"; };
		5104553017FD4658008326CC /* AppDelegate.m */ = {isa = PBXFileReference; lastKnownFileType = sourcecode.c.objc; path = AppDelegate.m; sourceTree = "<group>"; };
		5104553317FD4658008326CC /* Base */ = {isa = PBXFileReference; lastKnownFileType = file.storyboard; name = Base; path = Base.lproj/Main_iPhone.storyboard; sourceTree = "<group>"; };
		5104553617FD4658008326CC /* Base */ = {isa = PBXFileReference; lastKnownFileType = file.storyboard; name = Base; path = Base.lproj/Main_iPad.storyboard; sourceTree = "<group>"; };
		5104553817FD4658008326CC /* ViewController.h */ = {isa = PBXFileReference; lastKnownFileType = sourcecode.c.h; path = ViewController.h; sourceTree = "<group>"; };
		5104553917FD4658008326CC /* ViewController.m */ = {isa = PBXFileReference; lastKnownFileType = sourcecode.c.objc; path = ViewController.m; sourceTree = "<group>"; };
		5104553B17FD4658008326CC /* Images.xcassets */ = {isa = PBXFileReference; lastKnownFileType = folder.assetcatalog; path = Images.xcassets; sourceTree = "<group>"; };
		5104554117FD4658008326CC /* DRStatefulCollectionViewControllerDemoTests.xctest */ = {isa = PBXFileReference; explicitFileType = wrapper.cfbundle; includeInIndex = 0; path = DRStatefulCollectionViewControllerDemoTests.xctest; sourceTree = BUILT_PRODUCTS_DIR; };
		5104554217FD4658008326CC /* XCTest.framework */ = {isa = PBXFileReference; lastKnownFileType = wrapper.framework; name = XCTest.framework; path = Library/Frameworks/XCTest.framework; sourceTree = DEVELOPER_DIR; };
		5104554A17FD4658008326CC /* DRStatefulCollectionViewControllerDemoTests-Info.plist */ = {isa = PBXFileReference; lastKnownFileType = text.plist.xml; path = "DRStatefulCollectionViewControllerDemoTests-Info.plist"; sourceTree = "<group>"; };
		5104554C17FD4658008326CC /* en */ = {isa = PBXFileReference; lastKnownFileType = text.plist.strings; name = en; path = en.lproj/InfoPlist.strings; sourceTree = "<group>"; };
		5104554E17FD4658008326CC /* DRStatefulCollectionViewControllerDemoTests.m */ = {isa = PBXFileReference; lastKnownFileType = sourcecode.c.objc; path = DRStatefulCollectionViewControllerDemoTests.m; sourceTree = "<group>"; };
		5104555817FD4770008326CC /* DRStateCollectViewController.h */ = {isa = PBXFileReference; fileEncoding = 4; lastKnownFileType = sourcecode.c.h; name = DRStateCollectViewController.h; path = DRStatefulCollectionViewController/DRStateCollectViewController.h; sourceTree = "<group>"; };
		5104555917FD4770008326CC /* DRStateCollectViewController.m */ = {isa = PBXFileReference; fileEncoding = 4; lastKnownFileType = sourcecode.c.objc; name = DRStateCollectViewController.m; path = DRStatefulCollectionViewController/DRStateCollectViewController.m; sourceTree = "<group>"; };
		5104555D17FD54FD008326CC /* thumbnailViewCell.h */ = {isa = PBXFileReference; fileEncoding = 4; lastKnownFileType = sourcecode.c.h; path = thumbnailViewCell.h; sourceTree = "<group>"; };
		5104555E17FD54FD008326CC /* thumbnailViewCell.m */ = {isa = PBXFileReference; fileEncoding = 4; lastKnownFileType = sourcecode.c.objc; path = thumbnailViewCell.m; sourceTree = "<group>"; };
		5104556017FD556E008326CC /* ThumbnailViewController.h */ = {isa = PBXFileReference; fileEncoding = 4; lastKnownFileType = sourcecode.c.h; path = ThumbnailViewController.h; sourceTree = "<group>"; };
		5104556117FD556E008326CC /* ThumbnailViewController.m */ = {isa = PBXFileReference; fileEncoding = 4; lastKnownFileType = sourcecode.c.objc; path = ThumbnailViewController.m; sourceTree = "<group>"; };
		51C6B09717FE9CAC006F47B9 /* AFHTTPRequestOperation.h */ = {isa = PBXFileReference; fileEncoding = 4; lastKnownFileType = sourcecode.c.h; path = AFHTTPRequestOperation.h; sourceTree = "<group>"; };
		51C6B09817FE9CAC006F47B9 /* AFHTTPRequestOperation.m */ = {isa = PBXFileReference; fileEncoding = 4; lastKnownFileType = sourcecode.c.objc; path = AFHTTPRequestOperation.m; sourceTree = "<group>"; };
		51C6B09917FE9CAC006F47B9 /* AFHTTPRequestOperationManager.h */ = {isa = PBXFileReference; fileEncoding = 4; lastKnownFileType = sourcecode.c.h; path = AFHTTPRequestOperationManager.h; sourceTree = "<group>"; };
		51C6B09A17FE9CAC006F47B9 /* AFHTTPRequestOperationManager.m */ = {isa = PBXFileReference; fileEncoding = 4; lastKnownFileType = sourcecode.c.objc; path = AFHTTPRequestOperationManager.m; sourceTree = "<group>"; };
		51C6B09B17FE9CAC006F47B9 /* AFHTTPSessionManager.h */ = {isa = PBXFileReference; fileEncoding = 4; lastKnownFileType = sourcecode.c.h; path = AFHTTPSessionManager.h; sourceTree = "<group>"; };
		51C6B09C17FE9CAC006F47B9 /* AFHTTPSessionManager.m */ = {isa = PBXFileReference; fileEncoding = 4; lastKnownFileType = sourcecode.c.objc; path = AFHTTPSessionManager.m; sourceTree = "<group>"; };
		51C6B09D17FE9CAC006F47B9 /* AFNetworking.h */ = {isa = PBXFileReference; fileEncoding = 4; lastKnownFileType = sourcecode.c.h; path = AFNetworking.h; sourceTree = "<group>"; };
		51C6B09E17FE9CAC006F47B9 /* AFNetworkReachabilityManager.h */ = {isa = PBXFileReference; fileEncoding = 4; lastKnownFileType = sourcecode.c.h; path = AFNetworkReachabilityManager.h; sourceTree = "<group>"; };
		51C6B09F17FE9CAC006F47B9 /* AFNetworkReachabilityManager.m */ = {isa = PBXFileReference; fileEncoding = 4; lastKnownFileType = sourcecode.c.objc; path = AFNetworkReachabilityManager.m; sourceTree = "<group>"; };
		51C6B0A017FE9CAC006F47B9 /* AFSecurityPolicy.h */ = {isa = PBXFileReference; fileEncoding = 4; lastKnownFileType = sourcecode.c.h; path = AFSecurityPolicy.h; sourceTree = "<group>"; };
		51C6B0A117FE9CAC006F47B9 /* AFSecurityPolicy.m */ = {isa = PBXFileReference; fileEncoding = 4; lastKnownFileType = sourcecode.c.objc; path = AFSecurityPolicy.m; sourceTree = "<group>"; };
		51C6B0A217FE9CAC006F47B9 /* AFURLConnectionOperation.h */ = {isa = PBXFileReference; fileEncoding = 4; lastKnownFileType = sourcecode.c.h; path = AFURLConnectionOperation.h; sourceTree = "<group>"; };
		51C6B0A317FE9CAC006F47B9 /* AFURLConnectionOperation.m */ = {isa = PBXFileReference; fileEncoding = 4; lastKnownFileType = sourcecode.c.objc; path = AFURLConnectionOperation.m; sourceTree = "<group>"; };
		51C6B0A417FE9CAC006F47B9 /* AFURLRequestSerialization.h */ = {isa = PBXFileReference; fileEncoding = 4; lastKnownFileType = sourcecode.c.h; path = AFURLRequestSerialization.h; sourceTree = "<group>"; };
		51C6B0A517FE9CAC006F47B9 /* AFURLRequestSerialization.m */ = {isa = PBXFileReference; fileEncoding = 4; lastKnownFileType = sourcecode.c.objc; path = AFURLRequestSerialization.m; sourceTree = "<group>"; };
		51C6B0A617FE9CAC006F47B9 /* AFURLResponseSerialization.h */ = {isa = PBXFileReference; fileEncoding = 4; lastKnownFileType = sourcecode.c.h; path = AFURLResponseSerialization.h; sourceTree = "<group>"; };
		51C6B0A717FE9CAC006F47B9 /* AFURLResponseSerialization.m */ = {isa = PBXFileReference; fileEncoding = 4; lastKnownFileType = sourcecode.c.objc; path = AFURLResponseSerialization.m; sourceTree = "<group>"; };
		51C6B0A817FE9CAC006F47B9 /* AFURLSessionManager.h */ = {isa = PBXFileReference; fileEncoding = 4; lastKnownFileType = sourcecode.c.h; path = AFURLSessionManager.h; sourceTree = "<group>"; };
		51C6B0A917FE9CAC006F47B9 /* AFURLSessionManager.m */ = {isa = PBXFileReference; fileEncoding = 4; lastKnownFileType = sourcecode.c.objc; path = AFURLSessionManager.m; sourceTree = "<group>"; };
		51C6B0AB17FE9CAC006F47B9 /* AFNetworkActivityIndicatorManager.h */ = {isa = PBXFileReference; fileEncoding = 4; lastKnownFileType = sourcecode.c.h; path = AFNetworkActivityIndicatorManager.h; sourceTree = "<group>"; };
		51C6B0AC17FE9CAC006F47B9 /* AFNetworkActivityIndicatorManager.m */ = {isa = PBXFileReference; fileEncoding = 4; lastKnownFileType = sourcecode.c.objc; path = AFNetworkActivityIndicatorManager.m; sourceTree = "<group>"; };
		51C6B0AD17FE9CAC006F47B9 /* UIActivityIndicatorView+AFNetworking.h */ = {isa = PBXFileReference; fileEncoding = 4; lastKnownFileType = sourcecode.c.h; path = "UIActivityIndicatorView+AFNetworking.h"; sourceTree = "<group>"; };
		51C6B0AE17FE9CAC006F47B9 /* UIActivityIndicatorView+AFNetworking.m */ = {isa = PBXFileReference; fileEncoding = 4; lastKnownFileType = sourcecode.c.objc; path = "UIActivityIndicatorView+AFNetworking.m"; sourceTree = "<group>"; };
		51C6B0AF17FE9CAC006F47B9 /* UIAlertView+AFNetworking.h */ = {isa = PBXFileReference; fileEncoding = 4; lastKnownFileType = sourcecode.c.h; path = "UIAlertView+AFNetworking.h"; sourceTree = "<group>"; };
		51C6B0B017FE9CAC006F47B9 /* UIAlertView+AFNetworking.m */ = {isa = PBXFileReference; fileEncoding = 4; lastKnownFileType = sourcecode.c.objc; path = "UIAlertView+AFNetworking.m"; sourceTree = "<group>"; };
		51C6B0B117FE9CAC006F47B9 /* UIButton+AFNetworking.h */ = {isa = PBXFileReference; fileEncoding = 4; lastKnownFileType = sourcecode.c.h; path = "UIButton+AFNetworking.h"; sourceTree = "<group>"; };
		51C6B0B217FE9CAC006F47B9 /* UIButton+AFNetworking.m */ = {isa = PBXFileReference; fileEncoding = 4; lastKnownFileType = sourcecode.c.objc; path = "UIButton+AFNetworking.m"; sourceTree = "<group>"; };
		51C6B0B317FE9CAC006F47B9 /* UIImageView+AFNetworking.h */ = {isa = PBXFileReference; fileEncoding = 4; lastKnownFileType = sourcecode.c.h; path = "UIImageView+AFNetworking.h"; sourceTree = "<group>"; };
		51C6B0B417FE9CAC006F47B9 /* UIImageView+AFNetworking.m */ = {isa = PBXFileReference; fileEncoding = 4; lastKnownFileType = sourcecode.c.objc; path = "UIImageView+AFNetworking.m"; sourceTree = "<group>"; };
		51C6B0B517FE9CAC006F47B9 /* UIKit+AFNetworking.h */ = {isa = PBXFileReference; fileEncoding = 4; lastKnownFileType = sourcecode.c.h; path = "UIKit+AFNetworking.h"; sourceTree = "<group>"; };
		51C6B0B617FE9CAC006F47B9 /* UIProgressView+AFNetworking.h */ = {isa = PBXFileReference; fileEncoding = 4; lastKnownFileType = sourcecode.c.h; path = "UIProgressView+AFNetworking.h"; sourceTree = "<group>"; };
		51C6B0B717FE9CAC006F47B9 /* UIProgressView+AFNetworking.m */ = {isa = PBXFileReference; fileEncoding = 4; lastKnownFileType = sourcecode.c.objc; path = "UIProgressView+AFNetworking.m"; sourceTree = "<group>"; };
		51C6B0B817FE9CAC006F47B9 /* UIWebView+AFNetworking.h */ = {isa = PBXFileReference; fileEncoding = 4; lastKnownFileType = sourcecode.c.h; path = "UIWebView+AFNetworking.h"; sourceTree = "<group>"; };
		51C6B0B917FE9CAC006F47B9 /* UIWebView+AFNetworking.m */ = {isa = PBXFileReference; fileEncoding = 4; lastKnownFileType = sourcecode.c.objc; path = "UIWebView+AFNetworking.m"; sourceTree = "<group>"; };
		51C6B0CB17FE9CC8006F47B9 /* SVPullToRefresh.h */ = {isa = PBXFileReference; fileEncoding = 4; lastKnownFileType = sourcecode.c.h; path = SVPullToRefresh.h; sourceTree = "<group>"; };
		51C6B0CC17FE9CC8006F47B9 /* UIScrollView+SVInfiniteScrolling.h */ = {isa = PBXFileReference; fileEncoding = 4; lastKnownFileType = sourcecode.c.h; path = "UIScrollView+SVInfiniteScrolling.h"; sourceTree = "<group>"; };
		51C6B0CD17FE9CC8006F47B9 /* UIScrollView+SVInfiniteScrolling.m */ = {isa = PBXFileReference; fileEncoding = 4; lastKnownFileType = sourcecode.c.objc; path = "UIScrollView+SVInfiniteScrolling.m"; sourceTree = "<group>"; };
		51C6B0CE17FE9CC8006F47B9 /* UIScrollView+SVPullToRefresh.h */ = {isa = PBXFileReference; fileEncoding = 4; lastKnownFileType = sourcecode.c.h; path = "UIScrollView+SVPullToRefresh.h"; sourceTree = "<group>"; };
		51C6B0CF17FE9CC8006F47B9 /* UIScrollView+SVPullToRefresh.m */ = {isa = PBXFileReference; fileEncoding = 4; lastKnownFileType = sourcecode.c.objc; path = "UIScrollView+SVPullToRefresh.m"; sourceTree = "<group>"; };
/* End PBXFileReference section */

/* Begin PBXFrameworksBuildPhase section */
		5104551A17FD4658008326CC /* Frameworks */ = {
			isa = PBXFrameworksBuildPhase;
			buildActionMask = 2147483647;
			files = (
				5104552317FD4658008326CC /* CoreGraphics.framework in Frameworks */,
				5104552517FD4658008326CC /* UIKit.framework in Frameworks */,
				5104552117FD4658008326CC /* Foundation.framework in Frameworks */,
			);
			runOnlyForDeploymentPostprocessing = 0;
		};
		5104553E17FD4658008326CC /* Frameworks */ = {
			isa = PBXFrameworksBuildPhase;
			buildActionMask = 2147483647;
			files = (
				5104554317FD4658008326CC /* XCTest.framework in Frameworks */,
				5104554517FD4658008326CC /* UIKit.framework in Frameworks */,
				5104554417FD4658008326CC /* Foundation.framework in Frameworks */,
			);
			runOnlyForDeploymentPostprocessing = 0;
		};
/* End PBXFrameworksBuildPhase section */

/* Begin PBXGroup section */
		5104551417FD4658008326CC = {
			isa = PBXGroup;
			children = (
				51C6B0D217FE9CE1006F47B9 /* thirdparty */,
				5104555B17FD4775008326CC /* DRStatefulCollectionViewController */,
				5104552617FD4658008326CC /* DRStatefulCollectionViewControllerDemo */,
				5104554817FD4658008326CC /* DRStatefulCollectionViewControllerDemoTests */,
				5104551F17FD4658008326CC /* Frameworks */,
				5104551E17FD4658008326CC /* Products */,
			);
			sourceTree = "<group>";
		};
		5104551E17FD4658008326CC /* Products */ = {
			isa = PBXGroup;
			children = (
				5104551D17FD4658008326CC /* DRStatefulCollectionViewControllerDemo.app */,
				5104554117FD4658008326CC /* DRStatefulCollectionViewControllerDemoTests.xctest */,
			);
			name = Products;
			sourceTree = "<group>";
		};
		5104551F17FD4658008326CC /* Frameworks */ = {
			isa = PBXGroup;
			children = (
				5104552017FD4658008326CC /* Foundation.framework */,
				5104552217FD4658008326CC /* CoreGraphics.framework */,
				5104552417FD4658008326CC /* UIKit.framework */,
				5104554217FD4658008326CC /* XCTest.framework */,
			);
			name = Frameworks;
			sourceTree = "<group>";
		};
		5104552617FD4658008326CC /* DRStatefulCollectionViewControllerDemo */ = {
			isa = PBXGroup;
			children = (
				5104552F17FD4658008326CC /* AppDelegate.h */,
				5104553017FD4658008326CC /* AppDelegate.m */,
				5104553217FD4658008326CC /* Main_iPhone.storyboard */,
				5104553517FD4658008326CC /* Main_iPad.storyboard */,
				5104553817FD4658008326CC /* ViewController.h */,
				5104553917FD4658008326CC /* ViewController.m */,
				5104553B17FD4658008326CC /* Images.xcassets */,
				5104552717FD4658008326CC /* Supporting Files */,
				5104555D17FD54FD008326CC /* thumbnailViewCell.h */,
				5104555E17FD54FD008326CC /* thumbnailViewCell.m */,
				5104556017FD556E008326CC /* ThumbnailViewController.h */,
				5104556117FD556E008326CC /* ThumbnailViewController.m */,
			);
			path = DRStatefulCollectionViewControllerDemo;
			sourceTree = "<group>";
		};
		5104552717FD4658008326CC /* Supporting Files */ = {
			isa = PBXGroup;
			children = (
				5104552817FD4658008326CC /* DRStatefulCollectionViewControllerDemo-Info.plist */,
				5104552917FD4658008326CC /* InfoPlist.strings */,
				5104552C17FD4658008326CC /* main.m */,
				5104552E17FD4658008326CC /* DRStatefulCollectionViewControllerDemo-Prefix.pch */,
			);
			name = "Supporting Files";
			sourceTree = "<group>";
		};
		5104554817FD4658008326CC /* DRStatefulCollectionViewControllerDemoTests */ = {
			isa = PBXGroup;
			children = (
				5104554E17FD4658008326CC /* DRStatefulCollectionViewControllerDemoTests.m */,
				5104554917FD4658008326CC /* Supporting Files */,
			);
			path = DRStatefulCollectionViewControllerDemoTests;
			sourceTree = "<group>";
		};
		5104554917FD4658008326CC /* Supporting Files */ = {
			isa = PBXGroup;
			children = (
				5104554A17FD4658008326CC /* DRStatefulCollectionViewControllerDemoTests-Info.plist */,
				5104554B17FD4658008326CC /* InfoPlist.strings */,
			);
			name = "Supporting Files";
			sourceTree = "<group>";
		};
		5104555B17FD4775008326CC /* DRStatefulCollectionViewController */ = {
			isa = PBXGroup;
			children = (
				5104555817FD4770008326CC /* DRStateCollectViewController.h */,
				5104555917FD4770008326CC /* DRStateCollectViewController.m */,
			);
			name = DRStatefulCollectionViewController;
			sourceTree = "<group>";
		};
		51C6B09617FE9CAC006F47B9 /* AFNetworking */ = {
			isa = PBXGroup;
			children = (
				51C6B09717FE9CAC006F47B9 /* AFHTTPRequestOperation.h */,
				51C6B09817FE9CAC006F47B9 /* AFHTTPRequestOperation.m */,
				51C6B09917FE9CAC006F47B9 /* AFHTTPRequestOperationManager.h */,
				51C6B09A17FE9CAC006F47B9 /* AFHTTPRequestOperationManager.m */,
				51C6B09B17FE9CAC006F47B9 /* AFHTTPSessionManager.h */,
				51C6B09C17FE9CAC006F47B9 /* AFHTTPSessionManager.m */,
				51C6B09D17FE9CAC006F47B9 /* AFNetworking.h */,
				51C6B09E17FE9CAC006F47B9 /* AFNetworkReachabilityManager.h */,
				51C6B09F17FE9CAC006F47B9 /* AFNetworkReachabilityManager.m */,
				51C6B0A017FE9CAC006F47B9 /* AFSecurityPolicy.h */,
				51C6B0A117FE9CAC006F47B9 /* AFSecurityPolicy.m */,
				51C6B0A217FE9CAC006F47B9 /* AFURLConnectionOperation.h */,
				51C6B0A317FE9CAC006F47B9 /* AFURLConnectionOperation.m */,
				51C6B0A417FE9CAC006F47B9 /* AFURLRequestSerialization.h */,
				51C6B0A517FE9CAC006F47B9 /* AFURLRequestSerialization.m */,
				51C6B0A617FE9CAC006F47B9 /* AFURLResponseSerialization.h */,
				51C6B0A717FE9CAC006F47B9 /* AFURLResponseSerialization.m */,
				51C6B0A817FE9CAC006F47B9 /* AFURLSessionManager.h */,
				51C6B0A917FE9CAC006F47B9 /* AFURLSessionManager.m */,
			);
			name = AFNetworking;
			path = thirdparty/AFNetworking/AFNetworking;
			sourceTree = "<group>";
		};
		51C6B0AA17FE9CAC006F47B9 /* UIKit+AFNetworking */ = {
			isa = PBXGroup;
			children = (
				51C6B0AB17FE9CAC006F47B9 /* AFNetworkActivityIndicatorManager.h */,
				51C6B0AC17FE9CAC006F47B9 /* AFNetworkActivityIndicatorManager.m */,
				51C6B0AD17FE9CAC006F47B9 /* UIActivityIndicatorView+AFNetworking.h */,
				51C6B0AE17FE9CAC006F47B9 /* UIActivityIndicatorView+AFNetworking.m */,
				51C6B0AF17FE9CAC006F47B9 /* UIAlertView+AFNetworking.h */,
				51C6B0B017FE9CAC006F47B9 /* UIAlertView+AFNetworking.m */,
				51C6B0B117FE9CAC006F47B9 /* UIButton+AFNetworking.h */,
				51C6B0B217FE9CAC006F47B9 /* UIButton+AFNetworking.m */,
				51C6B0B317FE9CAC006F47B9 /* UIImageView+AFNetworking.h */,
				51C6B0B417FE9CAC006F47B9 /* UIImageView+AFNetworking.m */,
				51C6B0B517FE9CAC006F47B9 /* UIKit+AFNetworking.h */,
				51C6B0B617FE9CAC006F47B9 /* UIProgressView+AFNetworking.h */,
				51C6B0B717FE9CAC006F47B9 /* UIProgressView+AFNetworking.m */,
				51C6B0B817FE9CAC006F47B9 /* UIWebView+AFNetworking.h */,
				51C6B0B917FE9CAC006F47B9 /* UIWebView+AFNetworking.m */,
			);
			name = "UIKit+AFNetworking";
			path = "thirdparty/AFNetworking/UIKit+AFNetworking";
			sourceTree = "<group>";
		};
		51C6B0CA17FE9CC8006F47B9 /* SVPullToRefresh */ = {
			isa = PBXGroup;
			children = (
				51C6B0CB17FE9CC8006F47B9 /* SVPullToRefresh.h */,
				51C6B0CC17FE9CC8006F47B9 /* UIScrollView+SVInfiniteScrolling.h */,
				51C6B0CD17FE9CC8006F47B9 /* UIScrollView+SVInfiniteScrolling.m */,
				51C6B0CE17FE9CC8006F47B9 /* UIScrollView+SVPullToRefresh.h */,
				51C6B0CF17FE9CC8006F47B9 /* UIScrollView+SVPullToRefresh.m */,
			);
			name = SVPullToRefresh;
			path = thirdparty/SVPullToRefresh/SVPullToRefresh;
			sourceTree = "<group>";
		};
		51C6B0D217FE9CE1006F47B9 /* thirdparty */ = {
			isa = PBXGroup;
			children = (
				51C6B0CA17FE9CC8006F47B9 /* SVPullToRefresh */,
				51C6B09617FE9CAC006F47B9 /* AFNetworking */,
				51C6B0AA17FE9CAC006F47B9 /* UIKit+AFNetworking */,
			);
			name = thirdparty;
			sourceTree = "<group>";
		};
/* End PBXGroup section */

/* Begin PBXNativeTarget section */
		5104551C17FD4658008326CC /* DRStatefulCollectionViewControllerDemo */ = {
			isa = PBXNativeTarget;
			buildConfigurationList = 5104555217FD4658008326CC /* Build configuration list for PBXNativeTarget "DRStatefulCollectionViewControllerDemo" */;
			buildPhases = (
				5104551917FD4658008326CC /* Sources */,
				5104551A17FD4658008326CC /* Frameworks */,
				5104551B17FD4658008326CC /* Resources */,
			);
			buildRules = (
			);
			dependencies = (
			);
			name = DRStatefulCollectionViewControllerDemo;
			productName = DRStatefulCollectionViewControllerDemo;
			productReference = 5104551D17FD4658008326CC /* DRStatefulCollectionViewControllerDemo.app */;
			productType = "com.apple.product-type.application";
		};
		5104554017FD4658008326CC /* DRStatefulCollectionViewControllerDemoTests */ = {
			isa = PBXNativeTarget;
			buildConfigurationList = 5104555517FD4658008326CC /* Build configuration list for PBXNativeTarget "DRStatefulCollectionViewControllerDemoTests" */;
			buildPhases = (
				5104553D17FD4658008326CC /* Sources */,
				5104553E17FD4658008326CC /* Frameworks */,
				5104553F17FD4658008326CC /* Resources */,
			);
			buildRules = (
			);
			dependencies = (
				5104554717FD4658008326CC /* PBXTargetDependency */,
			);
			name = DRStatefulCollectionViewControllerDemoTests;
			productName = DRStatefulCollectionViewControllerDemoTests;
			productReference = 5104554117FD4658008326CC /* DRStatefulCollectionViewControllerDemoTests.xctest */;
			productType = "com.apple.product-type.bundle.unit-test";
		};
/* End PBXNativeTarget section */

/* Begin PBXProject section */
		5104551517FD4658008326CC /* Project object */ = {
			isa = PBXProject;
			attributes = {
				LastUpgradeCheck = 0500;
				ORGANIZATIONNAME = "Ming Hui Ho";
				TargetAttributes = {
					5104554017FD4658008326CC = {
						TestTargetID = 5104551C17FD4658008326CC;
					};
				};
			};
			buildConfigurationList = 5104551817FD4658008326CC /* Build configuration list for PBXProject "DRStatefulCollectionViewControllerDemo" */;
			compatibilityVersion = "Xcode 3.2";
			developmentRegion = English;
			hasScannedForEncodings = 0;
			knownRegions = (
				en,
				Base,
			);
			mainGroup = 5104551417FD4658008326CC;
			productRefGroup = 5104551E17FD4658008326CC /* Products */;
			projectDirPath = "";
			projectRoot = "";
			targets = (
				5104551C17FD4658008326CC /* DRStatefulCollectionViewControllerDemo */,
				5104554017FD4658008326CC /* DRStatefulCollectionViewControllerDemoTests */,
			);
		};
/* End PBXProject section */

/* Begin PBXResourcesBuildPhase section */
		5104551B17FD4658008326CC /* Resources */ = {
			isa = PBXResourcesBuildPhase;
			buildActionMask = 2147483647;
			files = (
				5104553717FD4658008326CC /* Main_iPad.storyboard in Resources */,
				5104553C17FD4658008326CC /* Images.xcassets in Resources */,
				5104553417FD4658008326CC /* Main_iPhone.storyboard in Resources */,
				5104552B17FD4658008326CC /* InfoPlist.strings in Resources */,
			);
			runOnlyForDeploymentPostprocessing = 0;
		};
		5104553F17FD4658008326CC /* Resources */ = {
			isa = PBXResourcesBuildPhase;
			buildActionMask = 2147483647;
			files = (
				5104554D17FD4658008326CC /* InfoPlist.strings in Resources */,
			);
			runOnlyForDeploymentPostprocessing = 0;
		};
/* End PBXResourcesBuildPhase section */

/* Begin PBXSourcesBuildPhase section */
		5104551917FD4658008326CC /* Sources */ = {
			isa = PBXSourcesBuildPhase;
			buildActionMask = 2147483647;
			files = (
				51C6B0C217FE9CAC006F47B9 /* AFURLSessionManager.m in Sources */,
				5104555A17FD4770008326CC /* DRStateCollectViewController.m in Sources */,
				5104553A17FD4658008326CC /* ViewController.m in Sources */,
				51C6B0BD17FE9CAC006F47B9 /* AFNetworkReachabilityManager.m in Sources */,
				51C6B0C317FE9CAC006F47B9 /* AFNetworkActivityIndicatorManager.m in Sources */,
				5104553117FD4658008326CC /* AppDelegate.m in Sources */,
				51C6B0D017FE9CC8006F47B9 /* UIScrollView+SVInfiniteScrolling.m in Sources */,
				51C6B0BF17FE9CAC006F47B9 /* AFURLConnectionOperation.m in Sources */,
				51C6B0C817FE9CAC006F47B9 /* UIProgressView+AFNetworking.m in Sources */,
				51C6B0BC17FE9CAC006F47B9 /* AFHTTPSessionManager.m in Sources */,
				51C6B0C017FE9CAC006F47B9 /* AFURLRequestSerialization.m in Sources */,
				5104556217FD556E008326CC /* ThumbnailViewController.m in Sources */,
				51C6B0C617FE9CAC006F47B9 /* UIButton+AFNetworking.m in Sources */,
				51C6B0C717FE9CAC006F47B9 /* UIImageView+AFNetworking.m in Sources */,
				5104552D17FD4658008326CC /* main.m in Sources */,
				5104555F17FD54FD008326CC /* thumbnailViewCell.m in Sources */,
				51C6B0C517FE9CAC006F47B9 /* UIAlertView+AFNetworking.m in Sources */,
				51C6B0C917FE9CAC006F47B9 /* UIWebView+AFNetworking.m in Sources */,
				51C6B0C417FE9CAC006F47B9 /* UIActivityIndicatorView+AFNetworking.m in Sources */,
				51C6B0BB17FE9CAC006F47B9 /* AFHTTPRequestOperationManager.m in Sources */,
				51C6B0D117FE9CC8006F47B9 /* UIScrollView+SVPullToRefresh.m in Sources */,
				51C6B0BE17FE9CAC006F47B9 /* AFSecurityPolicy.m in Sources */,
				51C6B0C117FE9CAC006F47B9 /* AFURLResponseSerialization.m in Sources */,
				51C6B0BA17FE9CAC006F47B9 /* AFHTTPRequestOperation.m in Sources */,
			);
			runOnlyForDeploymentPostprocessing = 0;
		};
		5104553D17FD4658008326CC /* Sources */ = {
			isa = PBXSourcesBuildPhase;
			buildActionMask = 2147483647;
			files = (
				5104554F17FD4658008326CC /* DRStatefulCollectionViewControllerDemoTests.m in Sources */,
			);
			runOnlyForDeploymentPostprocessing = 0;
		};
/* End PBXSourcesBuildPhase section */

/* Begin PBXTargetDependency section */
		5104554717FD4658008326CC /* PBXTargetDependency */ = {
			isa = PBXTargetDependency;
			target = 5104551C17FD4658008326CC /* DRStatefulCollectionViewControllerDemo */;
			targetProxy = 5104554617FD4658008326CC /* PBXContainerItemProxy */;
		};
/* End PBXTargetDependency section */

/* Begin PBXVariantGroup section */
		5104552917FD4658008326CC /* InfoPlist.strings */ = {
			isa = PBXVariantGroup;
			children = (
				5104552A17FD4658008326CC /* en */,
			);
			name = InfoPlist.strings;
			sourceTree = "<group>";
		};
		5104553217FD4658008326CC /* Main_iPhone.storyboard */ = {
			isa = PBXVariantGroup;
			children = (
				5104553317FD4658008326CC /* Base */,
			);
			name = Main_iPhone.storyboard;
			sourceTree = "<group>";
		};
		5104553517FD4658008326CC /* Main_iPad.storyboard */ = {
			isa = PBXVariantGroup;
			children = (
				5104553617FD4658008326CC /* Base */,
			);
			name = Main_iPad.storyboard;
			sourceTree = "<group>";
		};
		5104554B17FD4658008326CC /* InfoPlist.strings */ = {
			isa = PBXVariantGroup;
			children = (
				5104554C17FD4658008326CC /* en */,
			);
			name = InfoPlist.strings;
			sourceTree = "<group>";
		};
/* End PBXVariantGroup section */

/* Begin XCBuildConfiguration section */
		5104555017FD4658008326CC /* Debug */ = {
			isa = XCBuildConfiguration;
			buildSettings = {
				ALWAYS_SEARCH_USER_PATHS = NO;
				ARCHS = "$(ARCHS_STANDARD_INCLUDING_64_BIT)";
				CLANG_CXX_LANGUAGE_STANDARD = "gnu++0x";
				CLANG_CXX_LIBRARY = "libc++";
				CLANG_ENABLE_MODULES = YES;
				CLANG_ENABLE_OBJC_ARC = YES;
				CLANG_WARN_BOOL_CONVERSION = YES;
				CLANG_WARN_CONSTANT_CONVERSION = YES;
				CLANG_WARN_DIRECT_OBJC_ISA_USAGE = YES_ERROR;
				CLANG_WARN_EMPTY_BODY = YES;
				CLANG_WARN_ENUM_CONVERSION = YES;
				CLANG_WARN_INT_CONVERSION = YES;
				CLANG_WARN_OBJC_ROOT_CLASS = YES_ERROR;
				CLANG_WARN__DUPLICATE_METHOD_MATCH = YES;
				"CODE_SIGN_IDENTITY[sdk=iphoneos*]" = "iPhone Developer";
				COPY_PHASE_STRIP = NO;
				GCC_C_LANGUAGE_STANDARD = gnu99;
				GCC_DYNAMIC_NO_PIC = NO;
				GCC_OPTIMIZATION_LEVEL = 0;
				GCC_PREPROCESSOR_DEFINITIONS = (
					"DEBUG=1",
					"$(inherited)",
				);
				GCC_SYMBOLS_PRIVATE_EXTERN = NO;
				GCC_WARN_64_TO_32_BIT_CONVERSION = YES;
				GCC_WARN_ABOUT_RETURN_TYPE = YES_ERROR;
				GCC_WARN_UNDECLARED_SELECTOR = YES;
				GCC_WARN_UNINITIALIZED_AUTOS = YES;
				GCC_WARN_UNUSED_FUNCTION = YES;
				GCC_WARN_UNUSED_VARIABLE = YES;
				IPHONEOS_DEPLOYMENT_TARGET = 7.0;
				ONLY_ACTIVE_ARCH = YES;
				SDKROOT = iphoneos;
				TARGETED_DEVICE_FAMILY = "1,2";
			};
			name = Debug;
		};
		5104555117FD4658008326CC /* Release */ = {
			isa = XCBuildConfiguration;
			buildSettings = {
				ALWAYS_SEARCH_USER_PATHS = NO;
				ARCHS = "$(ARCHS_STANDARD_INCLUDING_64_BIT)";
				CLANG_CXX_LANGUAGE_STANDARD = "gnu++0x";
				CLANG_CXX_LIBRARY = "libc++";
				CLANG_ENABLE_MODULES = YES;
				CLANG_ENABLE_OBJC_ARC = YES;
				CLANG_WARN_BOOL_CONVERSION = YES;
				CLANG_WARN_CONSTANT_CONVERSION = YES;
				CLANG_WARN_DIRECT_OBJC_ISA_USAGE = YES_ERROR;
				CLANG_WARN_EMPTY_BODY = YES;
				CLANG_WARN_ENUM_CONVERSION = YES;
				CLANG_WARN_INT_CONVERSION = YES;
				CLANG_WARN_OBJC_ROOT_CLASS = YES_ERROR;
				CLANG_WARN__DUPLICATE_METHOD_MATCH = YES;
				"CODE_SIGN_IDENTITY[sdk=iphoneos*]" = "iPhone Developer";
				COPY_PHASE_STRIP = YES;
				ENABLE_NS_ASSERTIONS = NO;
				GCC_C_LANGUAGE_STANDARD = gnu99;
				GCC_WARN_64_TO_32_BIT_CONVERSION = YES;
				GCC_WARN_ABOUT_RETURN_TYPE = YES_ERROR;
				GCC_WARN_UNDECLARED_SELECTOR = YES;
				GCC_WARN_UNINITIALIZED_AUTOS = YES;
				GCC_WARN_UNUSED_FUNCTION = YES;
				GCC_WARN_UNUSED_VARIABLE = YES;
				IPHONEOS_DEPLOYMENT_TARGET = 7.0;
				SDKROOT = iphoneos;
				TARGETED_DEVICE_FAMILY = "1,2";
				VALIDATE_PRODUCT = YES;
			};
			name = Release;
		};
		5104555317FD4658008326CC /* Debug */ = {
			isa = XCBuildConfiguration;
			buildSettings = {
				ARCHS = "$(ARCHS_STANDARD)";
				ASSETCATALOG_COMPILER_APPICON_NAME = AppIcon;
				ASSETCATALOG_COMPILER_LAUNCHIMAGE_NAME = LaunchImage;
				GCC_PRECOMPILE_PREFIX_HEADER = YES;
				GCC_PREFIX_HEADER = "DRStatefulCollectionViewControllerDemo/DRStatefulCollectionViewControllerDemo-Prefix.pch";
				INFOPLIST_FILE = "DRStatefulCollectionViewControllerDemo/DRStatefulCollectionViewControllerDemo-Info.plist";
				IPHONEOS_DEPLOYMENT_TARGET = 6.0;
				PRODUCT_NAME = "$(TARGET_NAME)";
				WRAPPER_EXTENSION = app;
			};
			name = Debug;
		};
		5104555417FD4658008326CC /* Release */ = {
			isa = XCBuildConfiguration;
			buildSettings = {
				ARCHS = "$(ARCHS_STANDARD)";
				ASSETCATALOG_COMPILER_APPICON_NAME = AppIcon;
				ASSETCATALOG_COMPILER_LAUNCHIMAGE_NAME = LaunchImage;
				GCC_PRECOMPILE_PREFIX_HEADER = YES;
				GCC_PREFIX_HEADER = "DRStatefulCollectionViewControllerDemo/DRStatefulCollectionViewControllerDemo-Prefix.pch";
				INFOPLIST_FILE = "DRStatefulCollectionViewControllerDemo/DRStatefulCollectionViewControllerDemo-Info.plist";
				IPHONEOS_DEPLOYMENT_TARGET = 6.0;
				PRODUCT_NAME = "$(TARGET_NAME)";
				WRAPPER_EXTENSION = app;
			};
			name = Release;
		};
		5104555617FD4658008326CC /* Debug */ = {
			isa = XCBuildConfiguration;
			buildSettings = {
				ARCHS = "$(ARCHS_STANDARD_INCLUDING_64_BIT)";
				BUNDLE_LOADER = "$(BUILT_PRODUCTS_DIR)/DRStatefulCollectionViewControllerDemo.app/DRStatefulCollectionViewControllerDemo";
				FRAMEWORK_SEARCH_PATHS = (
					"$(SDKROOT)/Developer/Library/Frameworks",
					"$(inherited)",
					"$(DEVELOPER_FRAMEWORKS_DIR)",
				);
				GCC_PRECOMPILE_PREFIX_HEADER = YES;
				GCC_PREFIX_HEADER = "DRStatefulCollectionViewControllerDemo/DRStatefulCollectionViewControllerDemo-Prefix.pch";
				GCC_PREPROCESSOR_DEFINITIONS = (
					"DEBUG=1",
					"$(inherited)",
				);
				INFOPLIST_FILE = "DRStatefulCollectionViewControllerDemoTests/DRStatefulCollectionViewControllerDemoTests-Info.plist";
				PRODUCT_NAME = "$(TARGET_NAME)";
				TEST_HOST = "$(BUNDLE_LOADER)";
				WRAPPER_EXTENSION = xctest;
			};
			name = Debug;
		};
		5104555717FD4658008326CC /* Release */ = {
			isa = XCBuildConfiguration;
			buildSettings = {
				ARCHS = "$(ARCHS_STANDARD_INCLUDING_64_BIT)";
				BUNDLE_LOADER = "$(BUILT_PRODUCTS_DIR)/DRStatefulCollectionViewControllerDemo.app/DRStatefulCollectionViewControllerDemo";
				FRAMEWORK_SEARCH_PATHS = (
					"$(SDKROOT)/Developer/Library/Frameworks",
					"$(inherited)",
					"$(DEVELOPER_FRAMEWORKS_DIR)",
				);
				GCC_PRECOMPILE_PREFIX_HEADER = YES;
				GCC_PREFIX_HEADER = "DRStatefulCollectionViewControllerDemo/DRStatefulCollectionViewControllerDemo-Prefix.pch";
				INFOPLIST_FILE = "DRStatefulCollectionViewControllerDemoTests/DRStatefulCollectionViewControllerDemoTests-Info.plist";
				PRODUCT_NAME = "$(TARGET_NAME)";
				TEST_HOST = "$(BUNDLE_LOADER)";
				WRAPPER_EXTENSION = xctest;
			};
			name = Release;
		};
/* End XCBuildConfiguration section */

/* Begin XCConfigurationList section */
		5104551817FD4658008326CC /* Build configuration list for PBXProject "DRStatefulCollectionViewControllerDemo" */ = {
			isa = XCConfigurationList;
			buildConfigurations = (
				5104555017FD4658008326CC /* Debug */,
				5104555117FD4658008326CC /* Release */,
			);
			defaultConfigurationIsVisible = 0;
			defaultConfigurationName = Release;
		};
		5104555217FD4658008326CC /* Build configuration list for PBXNativeTarget "DRStatefulCollectionViewControllerDemo" */ = {
			isa = XCConfigurationList;
			buildConfigurations = (
				5104555317FD4658008326CC /* Debug */,
				5104555417FD4658008326CC /* Release */,
			);
			defaultConfigurationIsVisible = 0;
			defaultConfigurationName = Release;
		};
		5104555517FD4658008326CC /* Build configuration list for PBXNativeTarget "DRStatefulCollectionViewControllerDemoTests" */ = {
			isa = XCConfigurationList;
			buildConfigurations = (
				5104555617FD4658008326CC /* Debug */,
				5104555717FD4658008326CC /* Release */,
			);
			defaultConfigurationIsVisible = 0;
			defaultConfigurationName = Release;
		};
/* End XCConfigurationList section */
	};
	rootObject = 5104551517FD4658008326CC /* Project object */;
}
